
Microsoft Visual Studio Solution File, Format Version 12.00
# Visual Studio 14
VisualStudioVersion = 14.0.25420.1
MinimumVisualStudioVersion = 10.0.40219.1
Project("{FAE04EC0-301F-11D3-BF4B-00C04F79EFBC}") = "LoopsPractice", "LoopsPractice\LoopsPractice.csproj", "{AE038EDE-841E-4FD2-9E7D-92709D97C88F}"
EndProject
Global
	GlobalSection(SolutionConfigurationPlatforms) = preSolution
		Debug|Any CPU = Debug|Any CPU
		Release|Any CPU = Release|Any CPU
	EndGlobalSection
	GlobalSection(ProjectConfigurationPlatforms) = postSolution
		{AE038EDE-841E-4FD2-9E7D-92709D97C88F}.Debug|Any CPU.ActiveCfg = Debug|Any CPU
		{AE038EDE-841E-4FD2-9E7D-92709D97C88F}.Debug|Any CPU.Build.0 = Debug|Any CPU
		{AE038EDE-841E-4FD2-9E7D-92709D97C88F}.Release|Any CPU.ActiveCfg = Release|Any CPU
		{AE038EDE-841E-4FD2-9E7D-92709D97C88F}.Release|Any CPU.Build.0 = Release|Any CPU
	EndGlobalSection
	GlobalSection(SolutionProperties) = preSolution
		HideSolutionNode = FALSE
	EndGlobalSection
EndGlobal
